schema: '2.0'
stages:
  data_ingestion:
    cmd: python us_visa/components/data_ingestion.py initiate_data_ingestion
    deps:
    - path: us_visa/data_access/usvisa_data.py
      hash: md5
      md5: e968b44578f78f2d6f9404df1612dd77
      size: 1368
    - path: us_visa/entity/artifact_entity.py
      hash: md5
      md5: 9ca1ce583ba3fc219bb688e22c2828e6
      size: 427
    - path: us_visa/entity/config_entity.py
      hash: md5
      md5: 73a9249eb25e9bd749e502c33cee2751
      size: 2265
    - path: us_visa/exception/__init__.py
      hash: md5
      md5: 51fb55ead1eb8b2c16e77d3537d80077
      size: 762
    - path: us_visa/logger/__init__.py
      hash: md5
      md5: a42f9eecb7082dd113ee2b9305fcdc3b
      size: 428
  data_validation:
    cmd: python us_visa/components/data_validation.py initiate_data_validation
    deps:
    - path: us_visa/entity/artifact_entity.py
      hash: md5
      md5: 9ca1ce583ba3fc219bb688e22c2828e6
      size: 427
    - path: us_visa/entity/config_entity.py
      hash: md5
      md5: 73a9249eb25e9bd749e502c33cee2751
      size: 2265
    - path: us_visa/exception/__init__.py
      hash: md5
      md5: 51fb55ead1eb8b2c16e77d3537d80077
      size: 762
    - path: us_visa/logger/__init__.py
      hash: md5
      md5: a42f9eecb7082dd113ee2b9305fcdc3b
      size: 428
  data_transformation:
    cmd: python us_visa/components/data_transformation.py initiate_data_transformation
    deps:
    - path: us_visa/entity/artifact_entity.py
      hash: md5
      md5: 9ca1ce583ba3fc219bb688e22c2828e6
      size: 427
    - path: us_visa/entity/config_entity.py
      hash: md5
      md5: 73a9249eb25e9bd749e502c33cee2751
      size: 2265
    - path: us_visa/exception/__init__.py
      hash: md5
      md5: 51fb55ead1eb8b2c16e77d3537d80077
      size: 762
    - path: us_visa/logger/__init__.py
      hash: md5
      md5: a42f9eecb7082dd113ee2b9305fcdc3b
      size: 428
