schema: '2.0'
stages:
  data_ingestion:
    cmd: python us_visa/components/data_ingestion.py initiate_data_ingestion
    deps:
    - path: us_visa/data_access/usvisa_data.py
      hash: md5
      md5: e968b44578f78f2d6f9404df1612dd77
      size: 1368
    - path: us_visa/entity/artifact_entity.py
      hash: md5
      md5: 6ae5354b2afa8621608378d0163c6267
      size: 943
    - path: us_visa/entity/config_entity.py
      hash: md5
      md5: d06d9eb6d7d3c1f9a84722576e93a341
      size: 3154
    - path: us_visa/exception/__init__.py
      hash: md5
      md5: 51fb55ead1eb8b2c16e77d3537d80077
      size: 762
    - path: us_visa/logger/__init__.py
      hash: md5
      md5: a42f9eecb7082dd113ee2b9305fcdc3b
      size: 428
  data_validation:
    cmd: python us_visa/components/data_validation.py initiate_data_validation
    deps:
    - path: us_visa/entity/artifact_entity.py
      hash: md5
      md5: 6ae5354b2afa8621608378d0163c6267
      size: 943
    - path: us_visa/entity/config_entity.py
      hash: md5
      md5: d06d9eb6d7d3c1f9a84722576e93a341
      size: 3154
    - path: us_visa/exception/__init__.py
      hash: md5
      md5: 51fb55ead1eb8b2c16e77d3537d80077
      size: 762
    - path: us_visa/logger/__init__.py
      hash: md5
      md5: a42f9eecb7082dd113ee2b9305fcdc3b
      size: 428
